// !$*UTF8*$!
{
	archiveVersion = 1;
	classes = {
	};
	objectVersion = 46;
	objects = {

/* Begin PBXBuildFile section */
		AC206BF31F883B1200DD4C6B /* AppDelegate.swift in Sources */ = {isa = PBXBuildFile; fileRef = AC206BF21F883B1200DD4C6B /* AppDelegate.swift */; };
		AC206BF51F883B1200DD4C6B /* GameScene.sks in Resources */ = {isa = PBXBuildFile; fileRef = AC206BF41F883B1200DD4C6B /* GameScene.sks */; };
		AC206BF71F883B1200DD4C6B /* Actions.sks in Resources */ = {isa = PBXBuildFile; fileRef = AC206BF61F883B1200DD4C6B /* Actions.sks */; };
		AC206BF91F883B1200DD4C6B /* GameScene.swift in Sources */ = {isa = PBXBuildFile; fileRef = AC206BF81F883B1200DD4C6B /* GameScene.swift */; };
		AC206BFB1F883B1200DD4C6B /* GameViewController.swift in Sources */ = {isa = PBXBuildFile; fileRef = AC206BFA1F883B1200DD4C6B /* GameViewController.swift */; };
		AC206BFE1F883B1200DD4C6B /* Main.storyboard in Resources */ = {isa = PBXBuildFile; fileRef = AC206BFC1F883B1200DD4C6B /* Main.storyboard */; };
		AC206C001F883B1200DD4C6B /* Assets.xcassets in Resources */ = {isa = PBXBuildFile; fileRef = AC206BFF1F883B1200DD4C6B /* Assets.xcassets */; };
		AC206C031F883B1200DD4C6B /* LaunchScreen.storyboard in Resources */ = {isa = PBXBuildFile; fileRef = AC206C011F883B1200DD4C6B /* LaunchScreen.storyboard */; };
/* End PBXBuildFile section */

/* Begin PBXFileReference section */
		AC206BEF1F883B1200DD4C6B /* FlappyDuck.app */ = {isa = PBXFileReference; explicitFileType = wrapper.application; includeInIndex = 0; path = FlappyDuck.app; sourceTree = BUILT_PRODUCTS_DIR; };
		AC206BF21F883B1200DD4C6B /* AppDelegate.swift */ = {isa = PBXFileReference; lastKnownFileType = sourcecode.swift; path = AppDelegate.swift; sourceTree = "<group>"; };
		AC206BF41F883B1200DD4C6B /* GameScene.sks */ = {isa = PBXFileReference; lastKnownFileType = file.sks; path = GameScene.sks; sourceTree = "<group>"; };
		AC206BF61F883B1200DD4C6B /* Actions.sks */ = {isa = PBXFileReference; lastKnownFileType = file.sks; path = Actions.sks; sourceTree = "<group>"; };
		AC206BF81F883B1200DD4C6B /* GameScene.swift */ = {isa = PBXFileReference; lastKnownFileType = sourcecode.swift; path = GameScene.swift; sourceTree = "<group>"; };
		AC206BFA1F883B1200DD4C6B /* GameViewController.swift */ = {isa = PBXFileReference; lastKnownFileType = sourcecode.swift; path = GameViewController.swift; sourceTree = "<group>"; };
		AC206BFD1F883B1200DD4C6B /* Base */ = {isa = PBXFileReference; lastKnownFileType = file.storyboard; name = Base; path = Base.lproj/Main.storyboard; sourceTree = "<group>"; };
		AC206BFF1F883B1200DD4C6B /* Assets.xcassets */ = {isa = PBXFileReference; lastKnownFileType = folder.assetcatalog; path = Assets.xcassets; sourceTree = "<group>"; };
		AC206C021F883B1200DD4C6B /* Base */ = {isa = PBXFileReference; lastKnownFileType = file.storyboard; name = Base; path = Base.lproj/LaunchScreen.storyboard; sourceTree = "<group>"; };
		AC206C041F883B1200DD4C6B /* Info.plist */ = {isa = PBXFileReference; lastKnownFileType = text.plist.xml; path = Info.plist; sourceTree = "<group>"; };
/* End PBXFileReference section */

/* Begin PBXFrameworksBuildPhase section */
		AC206BEC1F883B1200DD4C6B /* Frameworks */ = {
			isa = PBXFrameworksBuildPhase;
			buildActionMask = 2147483647;
			files = (
			);
			runOnlyForDeploymentPostprocessing = 0;
		};
/* End PBXFrameworksBuildPhase section */

/* Begin PBXGroup section */
		AC206BE61F883B1200DD4C6B = {
			isa = PBXGroup;
			children = (
				AC206BF11F883B1200DD4C6B /* FlappyDuck */,
				AC206BF01F883B1200DD4C6B /* Products */,
			);
			sourceTree = "<group>";
		};
		AC206BF01F883B1200DD4C6B /* Products */ = {
			isa = PBXGroup;
			children = (
				AC206BEF1F883B1200DD4C6B /* FlappyDuck.app */,
			);
			name = Products;
			sourceTree = "<group>";
		};
		AC206BF11F883B1200DD4C6B /* FlappyDuck */ = {
			isa = PBXGroup;
			children = (
				AC206BF21F883B1200DD4C6B /* AppDelegate.swift */,
				AC206BF41F883B1200DD4C6B /* GameScene.sks */,
				AC206BF61F883B1200DD4C6B /* Actions.sks */,
				AC206BF81F883B1200DD4C6B /* GameScene.swift */,
				AC206BFA1F883B1200DD4C6B /* GameViewController.swift */,
				AC206BFC1F883B1200DD4C6B /* Main.storyboard */,
				AC206BFF1F883B1200DD4C6B /* Assets.xcassets */,
				AC206C011F883B1200DD4C6B /* LaunchScreen.storyboard */,
				AC206C041F883B1200DD4C6B /* Info.plist */,
			);
			path = FlappyDuck;
			sourceTree = "<group>";
		};
/* End PBXGroup section */

/* Begin PBXNativeTarget section */
		AC206BEE1F883B1200DD4C6B /* FlappyDuck */ = {
			isa = PBXNativeTarget;
			buildConfigurationList = AC206C071F883B1200DD4C6B /* Build configuration list for PBXNativeTarget "FlappyDuck" */;
			buildPhases = (
				AC206BEB1F883B1200DD4C6B /* Sources */,
				AC206BEC1F883B1200DD4C6B /* Frameworks */,
				AC206BED1F883B1200DD4C6B /* Resources */,
			);
			buildRules = (
			);
			dependencies = (
			);
			name = FlappyDuck;
			productName = FlappyDuck;
			productReference = AC206BEF1F883B1200DD4C6B /* FlappyDuck.app */;
			productType = "com.apple.product-type.application";
		};
/* End PBXNativeTarget section */

/* Begin PBXProject section */
		AC206BE71F883B1200DD4C6B /* Project object */ = {
			isa = PBXProject;
			attributes = {
				LastSwiftUpdateCheck = 0830;
				LastUpgradeCheck = 0830;
				ORGANIZATIONNAME = br.com.luizaquino;
				TargetAttributes = {
					AC206BEE1F883B1200DD4C6B = {
						CreatedOnToolsVersion = 8.3.3;
						ProvisioningStyle = Automatic;
					};
				};
			};
			buildConfigurationList = AC206BEA1F883B1200DD4C6B /* Build configuration list for PBXProject "FlappyDuck" */;
			compatibilityVersion = "Xcode 3.2";
			developmentRegion = English;
			hasScannedForEncodings = 0;
			knownRegions = (
				en,
				Base,
			);
			mainGroup = AC206BE61F883B1200DD4C6B;
			productRefGroup = AC206BF01F883B1200DD4C6B /* Products */;
			projectDirPath = "";
			projectRoot = "";
			targets = (
				AC206BEE1F883B1200DD4C6B /* FlappyDuck */,
			);
		};
/* End PBXProject section */

/* Begin PBXResourcesBuildPhase section */
		AC206BED1F883B1200DD4C6B /* Resources */ = {
			isa = PBXResourcesBuildPhase;
			buildActionMask = 2147483647;
			files = (
				AC206BFE1F883B1200DD4C6B /* Main.storyboard in Resources */,
				AC206BF51F883B1200DD4C6B /* GameScene.sks in Resources */,
				AC206C001F883B1200DD4C6B /* Assets.xcassets in Resources */,
				AC206C031F883B1200DD4C6B /* LaunchScreen.storyboard in Resources */,
				AC206BF71F883B1200DD4C6B /* Actions.sks in Resources */,
			);
			runOnlyForDeploymentPostprocessing = 0;
		};
/* End PBXResourcesBuildPhase section */

/* Begin PBXSourcesBuildPhase section */
		AC206BEB1F883B1200DD4C6B /* Sources */ = {
			isa = PBXSourcesBuildPhase;
			buildActionMask = 2147483647;
			files = (
				AC206BF91F883B1200DD4C6B /* GameScene.swift in Sources */,
				AC206BFB1F883B1200DD4C6B /* GameViewController.swift in Sources */,
				AC206BF31F883B1200DD4C6B /* AppDelegate.swift in Sources */,
			);
			runOnlyForDeploymentPostprocessing = 0;
		};
/* End PBXSourcesBuildPhase section */

/* Begin PBXVariantGroup section */
		AC206BFC1F883B1200DD4C6B /* Main.storyboard */ = {
			isa = PBXVariantGroup;
			children = (
				AC206BFD1F883B1200DD4C6B /* Base */,
			);
			name = Main.storyboard;
			sourceTree = "<group>";
		};
		AC206C011F883B1200DD4C6B /* LaunchScreen.storyboard */ = {
			isa = PBXVariantGroup;
			children = (
				AC206C021F883B1200DD4C6B /* Base */,
			);
			name = LaunchScreen.storyboard;
			sourceTree = "<group>";
		};
/* End PBXVariantGroup section */

/* Begin XCBuildConfiguration section */
		AC206C051F883B1200DD4C6B /* Debug */ = {
			isa = XCBuildConfiguration;
			buildSettings = {
				ALWAYS_SEARCH_USER_PATHS = NO;
				CLANG_ANALYZER_NONNULL = YES;
				CLANG_ANALYZER_NUMBER_OBJECT_CONVERSION = YES_AGGRESSIVE;
				CLANG_CXX_LANGUAGE_STANDARD = "gnu++0x";
				CLANG_CXX_LIBRARY = "libc++";
				CLANG_ENABLE_MODULES = YES;
				CLANG_ENABLE_OBJC_ARC = YES;
				CLANG_WARN_BOOL_CONVERSION = YES;
				CLANG_WARN_CONSTANT_CONVERSION = YES;
				CLANG_WARN_DIRECT_OBJC_ISA_USAGE = YES_ERROR;
				CLANG_WARN_DOCUMENTATION_COMMENTS = YES;
				CLANG_WARN_EMPTY_BODY = YES;
				CLANG_WARN_ENUM_CONVERSION = YES;
				CLANG_WARN_INFINITE_RECURSION = YES;
				CLANG_WARN_INT_CONVERSION = YES;
				CLANG_WARN_OBJC_ROOT_CLASS = YES_ERROR;
				CLANG_WARN_SUSPICIOUS_MOVE = YES;
				CLANG_WARN_UNREACHABLE_CODE = YES;
				CLANG_WARN__DUPLICATE_METHOD_MATCH = YES;
				"CODE_SIGN_IDENTITY[sdk=iphoneos*]" = "iPhone Developer";
				COPY_PHASE_STRIP = NO;
				DEBUG_INFORMATION_FORMAT = dwarf;
				ENABLE_STRICT_OBJC_MSGSEND = YES;
				ENABLE_TESTABILITY = YES;
				GCC_C_LANGUAGE_STANDARD = gnu99;
				GCC_DYNAMIC_NO_PIC = NO;
				GCC_NO_COMMON_BLOCKS = YES;
				GCC_OPTIMIZATION_LEVEL = 0;
				GCC_PREPROCESSOR_DEFINITIONS = (
					"DEBUG=1",
					"$(inherited)",
				);
				GCC_WARN_64_TO_32_BIT_CONVERSION = YES;
				GCC_WARN_ABOUT_RETURN_TYPE = YES_ERROR;
				GCC_WARN_UNDECLARED_SELECTOR = YES;
				GCC_WARN_UNINITIALIZED_AUTOS = YES_AGGRESSIVE;
				GCC_WARN_UNUSED_FUNCTION = YES;
				GCC_WARN_UNUSED_VARIABLE = YES;
				IPHONEOS_DEPLOYMENT_TARGET = 10.3;
				MTL_ENABLE_DEBUG_INFO = YES;
				ONLY_ACTIVE_ARCH = YES;
				SDKROOT = iphoneos;
				SWIFT_ACTIVE_COMPILATION_CONDITIONS = DEBUG;
				SWIFT_OPTIMIZATION_LEVEL = "-Onone";
			};
			name = Debug;
		};
		AC206C061F883B1200DD4C6B /* Release */ = {
			isa = XCBuildConfiguration;
			buildSettings = {
				ALWAYS_SEARCH_USER_PATHS = NO;
				CLANG_ANALYZER_NONNULL = YES;
				CLANG_ANALYZER_NUMBER_OBJECT_CONVERSION = YES_AGGRESSIVE;
				CLANG_CXX_LANGUAGE_STANDARD = "gnu++0x";
				CLANG_CXX_LIBRARY = "libc++";
				CLANG_ENABLE_MODULES = YES;
				CLANG_ENABLE_OBJC_ARC = YES;
				CLANG_WARN_BOOL_CONVERSION = YES;
				CLANG_WARN_CONSTANT_CONVERSION = YES;
				CLANG_WARN_DIRECT_OBJC_ISA_USAGE = YES_ERROR;
				CLANG_WARN_DOCUMENTATION_COMMENTS = YES;
				CLANG_WARN_EMPTY_BODY = YES;
				CLANG_WARN_ENUM_CONVERSION = YES;
				CLANG_WARN_INFINITE_RECURSION = YES;
				CLANG_WARN_INT_CONVERSION = YES;
				CLANG_WARN_OBJC_ROOT_CLASS = YES_ERROR;
				CLANG_WARN_SUSPICIOUS_MOVE = YES;
				CLANG_WARN_UNREACHABLE_CODE = YES;
				CLANG_WARN__DUPLICATE_METHOD_MATCH = YES;
				"CODE_SIGN_IDENTITY[sdk=iphoneos*]" = "iPhone Developer";
				COPY_PHASE_STRIP = NO;
				DEBUG_INFORMATION_FORMAT = "dwarf-with-dsym";
				ENABLE_NS_ASSERTIONS = NO;
				ENABLE_STRICT_OBJC_MSGSEND = YES;
				GCC_C_LANGUAGE_STANDARD = gnu99;
				GCC_NO_COMMON_BLOCKS = YES;
				GCC_WARN_64_TO_32_BIT_CONVERSION = YES;
				GCC_WARN_ABOUT_RETURN_TYPE = YES_ERROR;
				GCC_WARN_UNDECLARED_SELECTOR = YES;
				GCC_WARN_UNINITIALIZED_AUTOS = YES_AGGRESSIVE;
				GCC_WARN_UNUSED_FUNCTION = YES;
				GCC_WARN_UNUSED_VARIABLE = YES;
				IPHONEOS_DEPLOYMENT_TARGET = 10.3;
				MTL_ENABLE_DEBUG_INFO = NO;
				SDKROOT = iphoneos;
				SWIFT_OPTIMIZATION_LEVEL = "-Owholemodule";
				VALIDATE_PRODUCT = YES;
			};
			name = Release;
		};
		AC206C081F883B1200DD4C6B /* Debug */ = {
			isa = XCBuildConfiguration;
			buildSettings = {
				ASSETCATALOG_COMPILER_APPICON_NAME = AppIcon;
				INFOPLIST_FILE = FlappyDuck/Info.plist;
				LD_RUNPATH_SEARCH_PATHS = "$(inherited) @executable_path/Frameworks";
				PRODUCT_BUNDLE_IDENTIFIER = br.com.luizaquino.FlappyDuck;
				PRODUCT_NAME = "$(TARGET_NAME)";
				SWIFT_VERSION = 3.0;
			};
			name = Debug;
		};
		AC206C091F883B1200DD4C6B /* Release */ = {
			isa = XCBuildConfiguration;
			buildSettings = {
				ASSETCATALOG_COMPILER_APPICON_NAME = AppIcon;
				INFOPLIST_FILE = FlappyDuck/Info.plist;
				LD_RUNPATH_SEARCH_PATHS = "$(inherited) @executable_path/Frameworks";
				PRODUCT_BUNDLE_IDENTIFIER = br.com.luizaquino.FlappyDuck;
				PRODUCT_NAME = "$(TARGET_NAME)";
				SWIFT_VERSION = 3.0;
			};
			name = Release;
		};
/* End XCBuildConfiguration section */

/* Begin XCConfigurationList section */
		AC206BEA1F883B1200DD4C6B /* Build configuration list for PBXProject "FlappyDuck" */ = {
			isa = XCConfigurationList;
			buildConfigurations = (
				AC206C051F883B1200DD4C6B /* Debug */,
				AC206C061F883B1200DD4C6B /* Release */,
			);
			defaultConfigurationIsVisible = 0;
			defaultConfigurationName = Release;
		};
		AC206C071F883B1200DD4C6B /* Build configuration list for PBXNativeTarget "FlappyDuck" */ = {
			isa = XCConfigurationList;
			buildConfigurations = (
				AC206C081F883B1200DD4C6B /* Debug */,
				AC206C091F883B1200DD4C6B /* Release */,
			);
			defaultConfigurationIsVisible = 0;
		};
/* End XCConfigurationList section */
	};
	rootObject = AC206BE71F883B1200DD4C6B /* Project object */;
}
